
Microsoft Visual Studio Solution File, Format Version 12.00
# Visual Studio Express 2012 for Windows 8
Project("{FAE04EC0-301F-11D3-BF4B-00C04F79EFBC}") = "PerformantApp", "PerformantApp\PerformantApp.csproj", "{12A587F7-5CED-404A-8F4A-5B6B19C7ED9A}"
EndProject
Project("{FAE04EC0-301F-11D3-BF4B-00C04F79EFBC}") = "Monitor", "Monitor\Monitor.csproj", "{A8AFF2DD-2571-4F08-90B0-E9CD17820522}"
EndProject
Project("{FAE04EC0-301F-11D3-BF4B-00C04F79EFBC}") = "Client", "Client\Client.csproj", "{109A2FF5-2B9A-40B3-8343-651776C2567F}"
EndProject
Project("{FAE04EC0-301F-11D3-BF4B-00C04F79EFBC}") = "Common", "Common\Common.csproj", "{7BF575EE-E313-462C-AFAC-56FA64B4B609}"
EndProject
Global
	GlobalSection(SolutionConfigurationPlatforms) = preSolution
		Debug|Any CPU = Debug|Any CPU
		Debug|ARM = Debug|ARM
		Debug|x64 = Debug|x64
		Debug|x86 = Debug|x86
		Release|Any CPU = Release|Any CPU
		Release|ARM = Release|ARM
		Release|x64 = Release|x64
		Release|x86 = Release|x86
	EndGlobalSection
	GlobalSection(ProjectConfigurationPlatforms) = postSolution
		{12A587F7-5CED-404A-8F4A-5B6B19C7ED9A}.Debug|Any CPU.ActiveCfg = Debug|Any CPU
		{12A587F7-5CED-404A-8F4A-5B6B19C7ED9A}.Debug|Any CPU.Build.0 = Debug|Any CPU
		{12A587F7-5CED-404A-8F4A-5B6B19C7ED9A}.Debug|Any CPU.Deploy.0 = Debug|Any CPU
		{12A587F7-5CED-404A-8F4A-5B6B19C7ED9A}.Debug|ARM.ActiveCfg = Debug|ARM
		{12A587F7-5CED-404A-8F4A-5B6B19C7ED9A}.Debug|ARM.Build.0 = Debug|ARM
		{12A587F7-5CED-404A-8F4A-5B6B19C7ED9A}.Debug|ARM.Deploy.0 = Debug|ARM
		{12A587F7-5CED-404A-8F4A-5B6B19C7ED9A}.Debug|x64.ActiveCfg = Debug|x64
		{12A587F7-5CED-404A-8F4A-5B6B19C7ED9A}.Debug|x64.Build.0 = Debug|x64
		{12A587F7-5CED-404A-8F4A-5B6B19C7ED9A}.Debug|x64.Deploy.0 = Debug|x64
		{12A587F7-5CED-404A-8F4A-5B6B19C7ED9A}.Debug|x86.ActiveCfg = Debug|x86
		{12A587F7-5CED-404A-8F4A-5B6B19C7ED9A}.Debug|x86.Build.0 = Debug|x86
		{12A587F7-5CED-404A-8F4A-5B6B19C7ED9A}.Debug|x86.Deploy.0 = Debug|x86
		{12A587F7-5CED-404A-8F4A-5B6B19C7ED9A}.Release|Any CPU.ActiveCfg = Release|Any CPU
		{12A587F7-5CED-404A-8F4A-5B6B19C7ED9A}.Release|Any CPU.Build.0 = Release|Any CPU
		{12A587F7-5CED-404A-8F4A-5B6B19C7ED9A}.Release|Any CPU.Deploy.0 = Release|Any CPU
		{12A587F7-5CED-404A-8F4A-5B6B19C7ED9A}.Release|ARM.ActiveCfg = Release|ARM
		{12A587F7-5CED-404A-8F4A-5B6B19C7ED9A}.Release|ARM.Build.0 = Release|ARM
		{12A587F7-5CED-404A-8F4A-5B6B19C7ED9A}.Release|ARM.Deploy.0 = Release|ARM
		{12A587F7-5CED-404A-8F4A-5B6B19C7ED9A}.Release|x64.ActiveCfg = Release|x64
		{12A587F7-5CED-404A-8F4A-5B6B19C7ED9A}.Release|x64.Build.0 = Release|x64
		{12A587F7-5CED-404A-8F4A-5B6B19C7ED9A}.Release|x64.Deploy.0 = Release|x64
		{12A587F7-5CED-404A-8F4A-5B6B19C7ED9A}.Release|x86.ActiveCfg = Release|x86
		{12A587F7-5CED-404A-8F4A-5B6B19C7ED9A}.Release|x86.Build.0 = Release|x86
		{12A587F7-5CED-404A-8F4A-5B6B19C7ED9A}.Release|x86.Deploy.0 = Release|x86
		{A8AFF2DD-2571-4F08-90B0-E9CD17820522}.Debug|Any CPU.ActiveCfg = Debug|Any CPU
		{A8AFF2DD-2571-4F08-90B0-E9CD17820522}.Debug|Any CPU.Build.0 = Debug|Any CPU
		{A8AFF2DD-2571-4F08-90B0-E9CD17820522}.Debug|ARM.ActiveCfg = Debug|ARM
		{A8AFF2DD-2571-4F08-90B0-E9CD17820522}.Debug|ARM.Build.0 = Debug|ARM
		{A8AFF2DD-2571-4F08-90B0-E9CD17820522}.Debug|x64.ActiveCfg = Debug|x64
		{A8AFF2DD-2571-4F08-90B0-E9CD17820522}.Debug|x64.Build.0 = Debug|x64
		{A8AFF2DD-2571-4F08-90B0-E9CD17820522}.Debug|x86.ActiveCfg = Debug|x86
		{A8AFF2DD-2571-4F08-90B0-E9CD17820522}.Debug|x86.Build.0 = Debug|x86
		{A8AFF2DD-2571-4F08-90B0-E9CD17820522}.Release|Any CPU.ActiveCfg = Release|Any CPU
		{A8AFF2DD-2571-4F08-90B0-E9CD17820522}.Release|Any CPU.Build.0 = Release|Any CPU
		{A8AFF2DD-2571-4F08-90B0-E9CD17820522}.Release|ARM.ActiveCfg = Release|ARM
		{A8AFF2DD-2571-4F08-90B0-E9CD17820522}.Release|ARM.Build.0 = Release|ARM
		{A8AFF2DD-2571-4F08-90B0-E9CD17820522}.Release|x64.ActiveCfg = Release|x64
		{A8AFF2DD-2571-4F08-90B0-E9CD17820522}.Release|x64.Build.0 = Release|x64
		{A8AFF2DD-2571-4F08-90B0-E9CD17820522}.Release|x86.ActiveCfg = Release|x86
		{A8AFF2DD-2571-4F08-90B0-E9CD17820522}.Release|x86.Build.0 = Release|x86
		{109A2FF5-2B9A-40B3-8343-651776C2567F}.Debug|Any CPU.ActiveCfg = Debug|Any CPU
		{109A2FF5-2B9A-40B3-8343-651776C2567F}.Debug|Any CPU.Build.0 = Debug|Any CPU
		{109A2FF5-2B9A-40B3-8343-651776C2567F}.Debug|ARM.ActiveCfg = Debug|ARM
		{109A2FF5-2B9A-40B3-8343-651776C2567F}.Debug|ARM.Build.0 = Debug|ARM
		{109A2FF5-2B9A-40B3-8343-651776C2567F}.Debug|x64.ActiveCfg = Debug|x64
		{109A2FF5-2B9A-40B3-8343-651776C2567F}.Debug|x64.Build.0 = Debug|x64
		{109A2FF5-2B9A-40B3-8343-651776C2567F}.Debug|x86.ActiveCfg = Debug|x86
		{109A2FF5-2B9A-40B3-8343-651776C2567F}.Debug|x86.Build.0 = Debug|x86
		{109A2FF5-2B9A-40B3-8343-651776C2567F}.Release|Any CPU.ActiveCfg = Release|Any CPU
		{109A2FF5-2B9A-40B3-8343-651776C2567F}.Release|Any CPU.Build.0 = Release|Any CPU
		{109A2FF5-2B9A-40B3-8343-651776C2567F}.Release|ARM.ActiveCfg = Release|ARM
		{109A2FF5-2B9A-40B3-8343-651776C2567F}.Release|ARM.Build.0 = Release|ARM
		{109A2FF5-2B9A-40B3-8343-651776C2567F}.Release|x64.ActiveCfg = Release|x64
		{109A2FF5-2B9A-40B3-8343-651776C2567F}.Release|x64.Build.0 = Release|x64
		{109A2FF5-2B9A-40B3-8343-651776C2567F}.Release|x86.ActiveCfg = Release|x86
		{109A2FF5-2B9A-40B3-8343-651776C2567F}.Release|x86.Build.0 = Release|x86
		{7BF575EE-E313-462C-AFAC-56FA64B4B609}.Debug|Any CPU.ActiveCfg = Debug|Any CPU
		{7BF575EE-E313-462C-AFAC-56FA64B4B609}.Debug|Any CPU.Build.0 = Debug|Any CPU
		{7BF575EE-E313-462C-AFAC-56FA64B4B609}.Debug|ARM.ActiveCfg = Debug|ARM
		{7BF575EE-E313-462C-AFAC-56FA64B4B609}.Debug|ARM.Build.0 = Debug|ARM
		{7BF575EE-E313-462C-AFAC-56FA64B4B609}.Debug|x64.ActiveCfg = Debug|x64
		{7BF575EE-E313-462C-AFAC-56FA64B4B609}.Debug|x64.Build.0 = Debug|x64
		{7BF575EE-E313-462C-AFAC-56FA64B4B609}.Debug|x86.ActiveCfg = Debug|x86
		{7BF575EE-E313-462C-AFAC-56FA64B4B609}.Debug|x86.Build.0 = Debug|x86
		{7BF575EE-E313-462C-AFAC-56FA64B4B609}.Release|Any CPU.ActiveCfg = Release|Any CPU
		{7BF575EE-E313-462C-AFAC-56FA64B4B609}.Release|Any CPU.Build.0 = Release|Any CPU
		{7BF575EE-E313-462C-AFAC-56FA64B4B609}.Release|ARM.ActiveCfg = Release|ARM
		{7BF575EE-E313-462C-AFAC-56FA64B4B609}.Release|ARM.Build.0 = Release|ARM
		{7BF575EE-E313-462C-AFAC-56FA64B4B609}.Release|x64.ActiveCfg = Release|x64
		{7BF575EE-E313-462C-AFAC-56FA64B4B609}.Release|x64.Build.0 = Release|x64
		{7BF575EE-E313-462C-AFAC-56FA64B4B609}.Release|x86.ActiveCfg = Release|x86
		{7BF575EE-E313-462C-AFAC-56FA64B4B609}.Release|x86.Build.0 = Release|x86
	EndGlobalSection
	GlobalSection(SolutionProperties) = preSolution
		HideSolutionNode = FALSE
	EndGlobalSection
EndGlobal
